
Microsoft Visual Studio Solution File, Format Version 12.00
# Visual Studio Version 17
VisualStudioVersion = 17.5.2.0
MinimumVisualStudioVersion = 10.0.40219.1
Project("{2150E333-8FDC-42A3-9474-1A3956D46DE8}") = "Homework3", "Homework3", "{734F7086-E593-C02A-A581-D5459F25345C}"
EndProject
Project("{2150E333-8FDC-42A3-9474-1A3956D46DE8}") = "Homework 2", "Homework 2", "{86F2A70E-6CAA-781F-FED0-DB9D77923A58}"
EndProject
Project("{FAE04EC0-301F-11D3-BF4B-00C04F79EFBC}") = "Card-Deck-Dice", "Homework3\Card-Deck-Dice\Card-Deck-Dice.csproj", "{5FF99540-6857-53AB-94DF-E35321012AD1}"
EndProject
Project("{FAE04EC0-301F-11D3-BF4B-00C04F79EFBC}") = "ChallengeProject5", "Homework3\ChallengeProject5\ChallengeProject5.csproj", "{47C6FB5C-EE4E-2C06-EC5B-85B76CE33D5D}"
EndProject
Project("{FAE04EC0-301F-11D3-BF4B-00C04F79EFBC}") = "GuidedProject5", "Homework3\GuidedProject5\GuidedProject5.csproj", "{D8E3C4B8-76E5-7A7D-34CE-8DC464F22D7D}"
EndProject
Project("{2150E333-8FDC-42A3-9474-1A3956D46DE8}") = "ChallengeProject3", "ChallengeProject3", "{0E93C4BA-6F66-2A4D-FCD1-CECD6257B892}"
EndProject
Project("{FAE04EC0-301F-11D3-BF4B-00C04F79EFBC}") = "Starter", "Homework 2\ChallengeProject3\Starter\Starter.csproj", "{D3583D3E-F1AE-B929-C04B-435149807C34}"
EndProject
Project("{2150E333-8FDC-42A3-9474-1A3956D46DE8}") = "ChallengeProject4", "ChallengeProject4", "{C1CD13BD-9262-DA2E-5B67-DF3BFA5F7339}"
EndProject
Project("{FAE04EC0-301F-11D3-BF4B-00C04F79EFBC}") = "Starter", "Homework 2\ChallengeProject4\Starter\Starter.csproj", "{B6580C07-2E9F-3137-CF15-7899B6308E62}"
EndProject
Project("{2150E333-8FDC-42A3-9474-1A3956D46DE8}") = "GuidedProject3", "GuidedProject3", "{6B0ABCE2-F026-D891-D3FA-36F54EC2D699}"
EndProject
Project("{FAE04EC0-301F-11D3-BF4B-00C04F79EFBC}") = "Starter", "Homework 2\GuidedProject3\Starter\Starter.csproj", "{B80E7658-64AD-E5B2-6EFC-5653CD250D43}"
EndProject
Project("{2150E333-8FDC-42A3-9474-1A3956D46DE8}") = "GuidedProject4", "GuidedProject4", "{094E09DE-AED0-3275-B088-F19E27B6FBAE}"
EndProject
Project("{FAE04EC0-301F-11D3-BF4B-00C04F79EFBC}") = "Starter", "Homework 2\GuidedProject4\Starter\Starter.csproj", "{05A524C5-7AF5-4D00-94AF-B658D301FEBB}"
EndProject
Project("{2150E333-8FDC-42A3-9474-1A3956D46DE8}") = "Homework5", "Homework5", "{67271519-84CA-7EB7-077B-CDC9D7F99FE2}"
EndProject
Project("{FAE04EC0-301F-11D3-BF4B-00C04F79EFBC}") = "CardDeckClass.Tests", "Homework5\CardDeckClass.Tests\CardDeckClass.Tests.csproj", "{45A36553-AA03-42E1-A2B7-403AF9CD9154}"
EndProject
Global
	GlobalSection(SolutionConfigurationPlatforms) = preSolution
		Debug|Any CPU = Debug|Any CPU
		Debug|x64 = Debug|x64
		Debug|x86 = Debug|x86
		Release|Any CPU = Release|Any CPU
		Release|x64 = Release|x64
		Release|x86 = Release|x86
	EndGlobalSection
	GlobalSection(ProjectConfigurationPlatforms) = postSolution
		{5FF99540-6857-53AB-94DF-E35321012AD1}.Debug|Any CPU.ActiveCfg = Debug|Any CPU
		{5FF99540-6857-53AB-94DF-E35321012AD1}.Debug|Any CPU.Build.0 = Debug|Any CPU
		{5FF99540-6857-53AB-94DF-E35321012AD1}.Debug|x64.ActiveCfg = Debug|Any CPU
		{5FF99540-6857-53AB-94DF-E35321012AD1}.Debug|x64.Build.0 = Debug|Any CPU
		{5FF99540-6857-53AB-94DF-E35321012AD1}.Debug|x86.ActiveCfg = Debug|Any CPU
		{5FF99540-6857-53AB-94DF-E35321012AD1}.Debug|x86.Build.0 = Debug|Any CPU
		{5FF99540-6857-53AB-94DF-E35321012AD1}.Release|Any CPU.ActiveCfg = Release|Any CPU
		{5FF99540-6857-53AB-94DF-E35321012AD1}.Release|Any CPU.Build.0 = Release|Any CPU
		{5FF99540-6857-53AB-94DF-E35321012AD1}.Release|x64.ActiveCfg = Release|Any CPU
		{5FF99540-6857-53AB-94DF-E35321012AD1}.Release|x64.Build.0 = Release|Any CPU
		{5FF99540-6857-53AB-94DF-E35321012AD1}.Release|x86.ActiveCfg = Release|Any CPU
		{5FF99540-6857-53AB-94DF-E35321012AD1}.Release|x86.Build.0 = Release|Any CPU
		{47C6FB5C-EE4E-2C06-EC5B-85B76CE33D5D}.Debug|Any CPU.ActiveCfg = Debug|Any CPU
		{47C6FB5C-EE4E-2C06-EC5B-85B76CE33D5D}.Debug|Any CPU.Build.0 = Debug|Any CPU
		{47C6FB5C-EE4E-2C06-EC5B-85B76CE33D5D}.Debug|x64.ActiveCfg = Debug|Any CPU
		{47C6FB5C-EE4E-2C06-EC5B-85B76CE33D5D}.Debug|x64.Build.0 = Debug|Any CPU
		{47C6FB5C-EE4E-2C06-EC5B-85B76CE33D5D}.Debug|x86.ActiveCfg = Debug|Any CPU
		{47C6FB5C-EE4E-2C06-EC5B-85B76CE33D5D}.Debug|x86.Build.0 = Debug|Any CPU
		{47C6FB5C-EE4E-2C06-EC5B-85B76CE33D5D}.Release|Any CPU.ActiveCfg = Release|Any CPU
		{47C6FB5C-EE4E-2C06-EC5B-85B76CE33D5D}.Release|Any CPU.Build.0 = Release|Any CPU
		{47C6FB5C-EE4E-2C06-EC5B-85B76CE33D5D}.Release|x64.ActiveCfg = Release|Any CPU
		{47C6FB5C-EE4E-2C06-EC5B-85B76CE33D5D}.Release|x64.Build.0 = Release|Any CPU
		{47C6FB5C-EE4E-2C06-EC5B-85B76CE33D5D}.Release|x86.ActiveCfg = Release|Any CPU
		{47C6FB5C-EE4E-2C06-EC5B-85B76CE33D5D}.Release|x86.Build.0 = Release|Any CPU
		{D8E3C4B8-76E5-7A7D-34CE-8DC464F22D7D}.Debug|Any CPU.ActiveCfg = Debug|Any CPU
		{D8E3C4B8-76E5-7A7D-34CE-8DC464F22D7D}.Debug|Any CPU.Build.0 = Debug|Any CPU
		{D8E3C4B8-76E5-7A7D-34CE-8DC464F22D7D}.Debug|x64.ActiveCfg = Debug|Any CPU
		{D8E3C4B8-76E5-7A7D-34CE-8DC464F22D7D}.Debug|x64.Build.0 = Debug|Any CPU
		{D8E3C4B8-76E5-7A7D-34CE-8DC464F22D7D}.Debug|x86.ActiveCfg = Debug|Any CPU
		{D8E3C4B8-76E5-7A7D-34CE-8DC464F22D7D}.Debug|x86.Build.0 = Debug|Any CPU
		{D8E3C4B8-76E5-7A7D-34CE-8DC464F22D7D}.Release|Any CPU.ActiveCfg = Release|Any CPU
		{D8E3C4B8-76E5-7A7D-34CE-8DC464F22D7D}.Release|Any CPU.Build.0 = Release|Any CPU
		{D8E3C4B8-76E5-7A7D-34CE-8DC464F22D7D}.Release|x64.ActiveCfg = Release|Any CPU
		{D8E3C4B8-76E5-7A7D-34CE-8DC464F22D7D}.Release|x64.Build.0 = Release|Any CPU
		{D8E3C4B8-76E5-7A7D-34CE-8DC464F22D7D}.Release|x86.ActiveCfg = Release|Any CPU
		{D8E3C4B8-76E5-7A7D-34CE-8DC464F22D7D}.Release|x86.Build.0 = Release|Any CPU
		{D3583D3E-F1AE-B929-C04B-435149807C34}.Debug|Any CPU.ActiveCfg = Debug|Any CPU
		{D3583D3E-F1AE-B929-C04B-435149807C34}.Debug|Any CPU.Build.0 = Debug|Any CPU
		{D3583D3E-F1AE-B929-C04B-435149807C34}.Debug|x64.ActiveCfg = Debug|Any CPU
		{D3583D3E-F1AE-B929-C04B-435149807C34}.Debug|x64.Build.0 = Debug|Any CPU
		{D3583D3E-F1AE-B929-C04B-435149807C34}.Debug|x86.ActiveCfg = Debug|Any CPU
		{D3583D3E-F1AE-B929-C04B-435149807C34}.Debug|x86.Build.0 = Debug|Any CPU
		{D3583D3E-F1AE-B929-C04B-435149807C34}.Release|Any CPU.ActiveCfg = Release|Any CPU
		{D3583D3E-F1AE-B929-C04B-435149807C34}.Release|Any CPU.Build.0 = Release|Any CPU
		{D3583D3E-F1AE-B929-C04B-435149807C34}.Release|x64.ActiveCfg = Release|Any CPU
		{D3583D3E-F1AE-B929-C04B-435149807C34}.Release|x64.Build.0 = Release|Any CPU
		{D3583D3E-F1AE-B929-C04B-435149807C34}.Release|x86.ActiveCfg = Release|Any CPU
		{D3583D3E-F1AE-B929-C04B-435149807C34}.Release|x86.Build.0 = Release|Any CPU
		{B6580C07-2E9F-3137-CF15-7899B6308E62}.Debug|Any CPU.ActiveCfg = Debug|Any CPU
		{B6580C07-2E9F-3137-CF15-7899B6308E62}.Debug|Any CPU.Build.0 = Debug|Any CPU
		{B6580C07-2E9F-3137-CF15-7899B6308E62}.Debug|x64.ActiveCfg = Debug|Any CPU
		{B6580C07-2E9F-3137-CF15-7899B6308E62}.Debug|x64.Build.0 = Debug|Any CPU
		{B6580C07-2E9F-3137-CF15-7899B6308E62}.Debug|x86.ActiveCfg = Debug|Any CPU
		{B6580C07-2E9F-3137-CF15-7899B6308E62}.Debug|x86.Build.0 = Debug|Any CPU
		{B6580C07-2E9F-3137-CF15-7899B6308E62}.Release|Any CPU.ActiveCfg = Release|Any CPU
		{B6580C07-2E9F-3137-CF15-7899B6308E62}.Release|Any CPU.Build.0 = Release|Any CPU
		{B6580C07-2E9F-3137-CF15-7899B6308E62}.Release|x64.ActiveCfg = Release|Any CPU
		{B6580C07-2E9F-3137-CF15-7899B6308E62}.Release|x64.Build.0 = Release|Any CPU
		{B6580C07-2E9F-3137-CF15-7899B6308E62}.Release|x86.ActiveCfg = Release|Any CPU
		{B6580C07-2E9F-3137-CF15-7899B6308E62}.Release|x86.Build.0 = Release|Any CPU
		{B80E7658-64AD-E5B2-6EFC-5653CD250D43}.Debug|Any CPU.ActiveCfg = Debug|Any CPU
		{B80E7658-64AD-E5B2-6EFC-5653CD250D43}.Debug|Any CPU.Build.0 = Debug|Any CPU
		{B80E7658-64AD-E5B2-6EFC-5653CD250D43}.Debug|x64.ActiveCfg = Debug|Any CPU
		{B80E7658-64AD-E5B2-6EFC-5653CD250D43}.Debug|x64.Build.0 = Debug|Any CPU
		{B80E7658-64AD-E5B2-6EFC-5653CD250D43}.Debug|x86.ActiveCfg = Debug|Any CPU
		{B80E7658-64AD-E5B2-6EFC-5653CD250D43}.Debug|x86.Build.0 = Debug|Any CPU
		{B80E7658-64AD-E5B2-6EFC-5653CD250D43}.Release|Any CPU.ActiveCfg = Release|Any CPU
		{B80E7658-64AD-E5B2-6EFC-5653CD250D43}.Release|Any CPU.Build.0 = Release|Any CPU
		{B80E7658-64AD-E5B2-6EFC-5653CD250D43}.Release|x64.ActiveCfg = Release|Any CPU
		{B80E7658-64AD-E5B2-6EFC-5653CD250D43}.Release|x64.Build.0 = Release|Any CPU
		{B80E7658-64AD-E5B2-6EFC-5653CD250D43}.Release|x86.ActiveCfg = Release|Any CPU
		{B80E7658-64AD-E5B2-6EFC-5653CD250D43}.Release|x86.Build.0 = Release|Any CPU
		{05A524C5-7AF5-4D00-94AF-B658D301FEBB}.Debug|Any CPU.ActiveCfg = Debug|Any CPU
		{05A524C5-7AF5-4D00-94AF-B658D301FEBB}.Debug|Any CPU.Build.0 = Debug|Any CPU
		{05A524C5-7AF5-4D00-94AF-B658D301FEBB}.Debug|x64.ActiveCfg = Debug|Any CPU
		{05A524C5-7AF5-4D00-94AF-B658D301FEBB}.Debug|x64.Build.0 = Debug|Any CPU
		{05A524C5-7AF5-4D00-94AF-B658D301FEBB}.Debug|x86.ActiveCfg = Debug|Any CPU
		{05A524C5-7AF5-4D00-94AF-B658D301FEBB}.Debug|x86.Build.0 = Debug|Any CPU
		{05A524C5-7AF5-4D00-94AF-B658D301FEBB}.Release|Any CPU.ActiveCfg = Release|Any CPU
		{05A524C5-7AF5-4D00-94AF-B658D301FEBB}.Release|Any CPU.Build.0 = Release|Any CPU
		{05A524C5-7AF5-4D00-94AF-B658D301FEBB}.Release|x64.ActiveCfg = Release|Any CPU
		{05A524C5-7AF5-4D00-94AF-B658D301FEBB}.Release|x64.Build.0 = Release|Any CPU
		{05A524C5-7AF5-4D00-94AF-B658D301FEBB}.Release|x86.ActiveCfg = Release|Any CPU
		{05A524C5-7AF5-4D00-94AF-B658D301FEBB}.Release|x86.Build.0 = Release|Any CPU
		{45A36553-AA03-42E1-A2B7-403AF9CD9154}.Debug|Any CPU.ActiveCfg = Debug|Any CPU
		{45A36553-AA03-42E1-A2B7-403AF9CD9154}.Debug|Any CPU.Build.0 = Debug|Any CPU
		{45A36553-AA03-42E1-A2B7-403AF9CD9154}.Debug|x64.ActiveCfg = Debug|Any CPU
		{45A36553-AA03-42E1-A2B7-403AF9CD9154}.Debug|x64.Build.0 = Debug|Any CPU
		{45A36553-AA03-42E1-A2B7-403AF9CD9154}.Debug|x86.ActiveCfg = Debug|Any CPU
		{45A36553-AA03-42E1-A2B7-403AF9CD9154}.Debug|x86.Build.0 = Debug|Any CPU
		{45A36553-AA03-42E1-A2B7-403AF9CD9154}.Release|Any CPU.ActiveCfg = Release|Any CPU
		{45A36553-AA03-42E1-A2B7-403AF9CD9154}.Release|Any CPU.Build.0 = Release|Any CPU
		{45A36553-AA03-42E1-A2B7-403AF9CD9154}.Release|x64.ActiveCfg = Release|Any CPU
		{45A36553-AA03-42E1-A2B7-403AF9CD9154}.Release|x64.Build.0 = Release|Any CPU
		{45A36553-AA03-42E1-A2B7-403AF9CD9154}.Release|x86.ActiveCfg = Release|Any CPU
		{45A36553-AA03-42E1-A2B7-403AF9CD9154}.Release|x86.Build.0 = Release|Any CPU
	EndGlobalSection
	GlobalSection(SolutionProperties) = preSolution
		HideSolutionNode = FALSE
	EndGlobalSection
	GlobalSection(NestedProjects) = preSolution
		{5FF99540-6857-53AB-94DF-E35321012AD1} = {734F7086-E593-C02A-A581-D5459F25345C}
		{47C6FB5C-EE4E-2C06-EC5B-85B76CE33D5D} = {734F7086-E593-C02A-A581-D5459F25345C}
		{D8E3C4B8-76E5-7A7D-34CE-8DC464F22D7D} = {734F7086-E593-C02A-A581-D5459F25345C}
		{0E93C4BA-6F66-2A4D-FCD1-CECD6257B892} = {86F2A70E-6CAA-781F-FED0-DB9D77923A58}
		{D3583D3E-F1AE-B929-C04B-435149807C34} = {0E93C4BA-6F66-2A4D-FCD1-CECD6257B892}
		{C1CD13BD-9262-DA2E-5B67-DF3BFA5F7339} = {86F2A70E-6CAA-781F-FED0-DB9D77923A58}
		{B6580C07-2E9F-3137-CF15-7899B6308E62} = {C1CD13BD-9262-DA2E-5B67-DF3BFA5F7339}
		{6B0ABCE2-F026-D891-D3FA-36F54EC2D699} = {86F2A70E-6CAA-781F-FED0-DB9D77923A58}
		{B80E7658-64AD-E5B2-6EFC-5653CD250D43} = {6B0ABCE2-F026-D891-D3FA-36F54EC2D699}
		{094E09DE-AED0-3275-B088-F19E27B6FBAE} = {86F2A70E-6CAA-781F-FED0-DB9D77923A58}
		{05A524C5-7AF5-4D00-94AF-B658D301FEBB} = {094E09DE-AED0-3275-B088-F19E27B6FBAE}
		{45A36553-AA03-42E1-A2B7-403AF9CD9154} = {67271519-84CA-7EB7-077B-CDC9D7F99FE2}
	EndGlobalSection
	GlobalSection(ExtensibilityGlobals) = postSolution
		SolutionGuid = {AAA0AF01-8388-4C4F-897F-81E421D543F2}
	EndGlobalSection
EndGlobal
