Microsoft Visual Studio Solution File, Format Version 12.00
# Visual Studio Version 17
VisualStudioVersion = 17.5.2.0
MinimumVisualStudioVersion = 10.0.40219.1
Project("{FAE04EC0-301F-11D3-BF4B-00C04F79EFBC}") = "GuidedProject5", "GuidedProject5\GuidedProject5.csproj", "{C68957A2-BF90-6262-C24A-F39EA1360841}"
EndProject
Global
	GlobalSection(SolutionConfigurationPlatforms) = preSolution
		Debug|Any CPU = Debug|Any CPU
		Release|Any CPU = Release|Any CPU
	EndGlobalSection
	GlobalSection(ProjectConfigurationPlatforms) = postSolution
		{C68957A2-BF90-6262-C24A-F39EA1360841}.Debug|Any CPU.ActiveCfg = Debug|Any CPU
		{C68957A2-BF90-6262-C24A-F39EA1360841}.Debug|Any CPU.Build.0 = Debug|Any CPU
		{C68957A2-BF90-6262-C24A-F39EA1360841}.Release|Any CPU.ActiveCfg = Release|Any CPU
		{C68957A2-BF90-6262-C24A-F39EA1360841}.Release|Any CPU.Build.0 = Release|Any CPU
	EndGlobalSection
	GlobalSection(SolutionProperties) = preSolution
		HideSolutionNode = FALSE
	EndGlobalSection
	GlobalSection(ExtensibilityGlobals) = postSolution
		SolutionGuid = {D408D4A7-5AC9-4763-8ED8-0F446A7D89B7}
	EndGlobalSection
EndGlobal
